// !$*UTF8*$!
{
	archiveVersion = 1;
	classes = {
	};
	objectVersion = 56;
	objects = {

/* Begin PBXBuildFile section */
		0418B82CB2D9C1236BC69872 /* Pods_spotifyApp.framework in Frameworks */ = {isa = PBXBuildFile; fileRef = 5231A8E0EBF62D753D4D7EE8 /* Pods_spotifyApp.framework */; };
		109E0ECA2C3DE70200312FEB /* NewReleasesResponse.swift in Sources */ = {isa = PBXBuildFile; fileRef = 109E0EC92C3DE70200312FEB /* NewReleasesResponse.swift */; };
		109E0ECC2C3E2F3700312FEB /* APIImage.swift in Sources */ = {isa = PBXBuildFile; fileRef = 109E0ECB2C3E2F3700312FEB /* APIImage.swift */; };
		109E0ECE2C3F3B1A00312FEB /* FeaturedPlaylistsResponse.swift in Sources */ = {isa = PBXBuildFile; fileRef = 109E0ECD2C3F3B1900312FEB /* FeaturedPlaylistsResponse.swift */; };
		109E0ED22C3F537900312FEB /* RecommendedGenresResponse.swift in Sources */ = {isa = PBXBuildFile; fileRef = 109E0ED12C3F537900312FEB /* RecommendedGenresResponse.swift */; };
		109E0ED42C3F955A00312FEB /* RecommendationsResponse.swift in Sources */ = {isa = PBXBuildFile; fileRef = 109E0ED32C3F955A00312FEB /* RecommendationsResponse.swift */; };
		109E0ED72C40A08300312FEB /* NewReleaseCollectionViewCell.swift in Sources */ = {isa = PBXBuildFile; fileRef = 109E0ED62C40A08300312FEB /* NewReleaseCollectionViewCell.swift */; };
		109E0ED92C40A0A000312FEB /* FeaturedPlaylistCollectionViewCell.swift in Sources */ = {isa = PBXBuildFile; fileRef = 109E0ED82C40A0A000312FEB /* FeaturedPlaylistCollectionViewCell.swift */; };
		109E0EDB2C40A0B600312FEB /* RecommendedTrackCollectionViewCell.swift in Sources */ = {isa = PBXBuildFile; fileRef = 109E0EDA2C40A0B600312FEB /* RecommendedTrackCollectionViewCell.swift */; };
		109E0EDD2C40A5C600312FEB /* NewReleasesCellViewModel.swift in Sources */ = {isa = PBXBuildFile; fileRef = 109E0EDC2C40A5C600312FEB /* NewReleasesCellViewModel.swift */; };
		10D4B7042BF2AD9F000C3269 /* Base in Resources */ = {isa = PBXBuildFile; fileRef = 10D4B7032BF2AD9F000C3269 /* Base */; };
		10D4B7192BF2AE31000C3269 /* HomeViewController.swift in Sources */ = {isa = PBXBuildFile; fileRef = 10D4B70B2BF2AE31000C3269 /* HomeViewController.swift */; };
		10D4B71A2BF2AE31000C3269 /* LibraryViewController.swift in Sources */ = {isa = PBXBuildFile; fileRef = 10D4B70C2BF2AE31000C3269 /* LibraryViewController.swift */; };
		10D4B71B2BF2AE31000C3269 /* SearchViewController.swift in Sources */ = {isa = PBXBuildFile; fileRef = 10D4B70D2BF2AE31000C3269 /* SearchViewController.swift */; };
		10D4B71C2BF2AE31000C3269 /* TabBarViewController.swift in Sources */ = {isa = PBXBuildFile; fileRef = 10D4B70E2BF2AE31000C3269 /* TabBarViewController.swift */; };
		10D4B71D2BF2AE31000C3269 /* AuthViewController.swift in Sources */ = {isa = PBXBuildFile; fileRef = 10D4B7102BF2AE31000C3269 /* AuthViewController.swift */; };
		10D4B71E2BF2AE31000C3269 /* PlayerViewController.swift in Sources */ = {isa = PBXBuildFile; fileRef = 10D4B7112BF2AE31000C3269 /* PlayerViewController.swift */; };
		10D4B71F2BF2AE31000C3269 /* PlaylistViewController.swift in Sources */ = {isa = PBXBuildFile; fileRef = 10D4B7122BF2AE31000C3269 /* PlaylistViewController.swift */; };
		10D4B7202BF2AE31000C3269 /* ProfileViewController.swift in Sources */ = {isa = PBXBuildFile; fileRef = 10D4B7132BF2AE31000C3269 /* ProfileViewController.swift */; };
		10D4B7212BF2AE31000C3269 /* SearchResultViewController.swift in Sources */ = {isa = PBXBuildFile; fileRef = 10D4B7142BF2AE31000C3269 /* SearchResultViewController.swift */; };
		10D4B7222BF2AE31000C3269 /* SettingsViewController.swift in Sources */ = {isa = PBXBuildFile; fileRef = 10D4B7152BF2AE31000C3269 /* SettingsViewController.swift */; };
		10D4B7232BF2AE31000C3269 /* WelcomeViewController.swift in Sources */ = {isa = PBXBuildFile; fileRef = 10D4B7162BF2AE31000C3269 /* WelcomeViewController.swift */; };
		10D4B7282BF2AE40000C3269 /* APICaller.swift in Sources */ = {isa = PBXBuildFile; fileRef = 10D4B7242BF2AE40000C3269 /* APICaller.swift */; };
		10D4B7292BF2AE40000C3269 /* AuthManager.swift in Sources */ = {isa = PBXBuildFile; fileRef = 10D4B7252BF2AE40000C3269 /* AuthManager.swift */; };
		10D4B72A2BF2AE40000C3269 /* HapticsManger.swift in Sources */ = {isa = PBXBuildFile; fileRef = 10D4B7262BF2AE40000C3269 /* HapticsManger.swift */; };
		10D4B7322BF2AE4C000C3269 /* Artist.swift in Sources */ = {isa = PBXBuildFile; fileRef = 10D4B72B2BF2AE4C000C3269 /* Artist.swift */; };
		10D4B7332BF2AE4C000C3269 /* AudioTrack.swift in Sources */ = {isa = PBXBuildFile; fileRef = 10D4B72C2BF2AE4C000C3269 /* AudioTrack.swift */; };
		10D4B7342BF2AE4C000C3269 /* AuthResponse.swift in Sources */ = {isa = PBXBuildFile; fileRef = 10D4B72D2BF2AE4C000C3269 /* AuthResponse.swift */; };
		10D4B7352BF2AE4C000C3269 /* Playlist.swift in Sources */ = {isa = PBXBuildFile; fileRef = 10D4B72E2BF2AE4C000C3269 /* Playlist.swift */; };
		10D4B7362BF2AE4C000C3269 /* SettingsModels.swift in Sources */ = {isa = PBXBuildFile; fileRef = 10D4B72F2BF2AE4C000C3269 /* SettingsModels.swift */; };
		10D4B7372BF2AE4C000C3269 /* UserProfile.swift in Sources */ = {isa = PBXBuildFile; fileRef = 10D4B7302BF2AE4C000C3269 /* UserProfile.swift */; };
		10D4B7422BF2AEAF000C3269 /* AppDelegate.swift in Sources */ = {isa = PBXBuildFile; fileRef = 10D4B73D2BF2AEAF000C3269 /* AppDelegate.swift */; };
		10D4B7432BF2AEAF000C3269 /* Assets.xcassets in Resources */ = {isa = PBXBuildFile; fileRef = 10D4B73E2BF2AEAF000C3269 /* Assets.xcassets */; };
		10D4B7442BF2AEAF000C3269 /* Extensions.swift in Sources */ = {isa = PBXBuildFile; fileRef = 10D4B73F2BF2AEAF000C3269 /* Extensions.swift */; };
		10D4B7452BF2AEAF000C3269 /* SceneDelegate.swift in Sources */ = {isa = PBXBuildFile; fileRef = 10D4B7402BF2AEAF000C3269 /* SceneDelegate.swift */; };
		10E4BF472C443DC9007ABDCC /* FeaturedPlaylistCellViewModel.swift in Sources */ = {isa = PBXBuildFile; fileRef = 10E4BF462C443DC9007ABDCC /* FeaturedPlaylistCellViewModel.swift */; };
		10E4BF492C443E6E007ABDCC /* RecommendedTrackCellViewModel.swift in Sources */ = {isa = PBXBuildFile; fileRef = 10E4BF482C443E6E007ABDCC /* RecommendedTrackCellViewModel.swift */; };
/* End PBXBuildFile section */

/* Begin PBXFileReference section */
		109E0EC92C3DE70200312FEB /* NewReleasesResponse.swift */ = {isa = PBXFileReference; lastKnownFileType = sourcecode.swift; path = NewReleasesResponse.swift; sourceTree = "<group>"; };
		109E0ECB2C3E2F3700312FEB /* APIImage.swift */ = {isa = PBXFileReference; lastKnownFileType = sourcecode.swift; path = APIImage.swift; sourceTree = "<group>"; };
		109E0ECD2C3F3B1900312FEB /* FeaturedPlaylistsResponse.swift */ = {isa = PBXFileReference; lastKnownFileType = sourcecode.swift; path = FeaturedPlaylistsResponse.swift; sourceTree = "<group>"; };
		109E0ED12C3F537900312FEB /* RecommendedGenresResponse.swift */ = {isa = PBXFileReference; lastKnownFileType = sourcecode.swift; path = RecommendedGenresResponse.swift; sourceTree = "<group>"; };
		109E0ED32C3F955A00312FEB /* RecommendationsResponse.swift */ = {isa = PBXFileReference; lastKnownFileType = sourcecode.swift; path = RecommendationsResponse.swift; sourceTree = "<group>"; };
		109E0ED62C40A08300312FEB /* NewReleaseCollectionViewCell.swift */ = {isa = PBXFileReference; lastKnownFileType = sourcecode.swift; path = NewReleaseCollectionViewCell.swift; sourceTree = "<group>"; };
		109E0ED82C40A0A000312FEB /* FeaturedPlaylistCollectionViewCell.swift */ = {isa = PBXFileReference; lastKnownFileType = sourcecode.swift; path = FeaturedPlaylistCollectionViewCell.swift; sourceTree = "<group>"; };
		109E0EDA2C40A0B600312FEB /* RecommendedTrackCollectionViewCell.swift */ = {isa = PBXFileReference; lastKnownFileType = sourcecode.swift; path = RecommendedTrackCollectionViewCell.swift; sourceTree = "<group>"; };
		109E0EDC2C40A5C600312FEB /* NewReleasesCellViewModel.swift */ = {isa = PBXFileReference; lastKnownFileType = sourcecode.swift; path = NewReleasesCellViewModel.swift; sourceTree = "<group>"; };
		10D4B6F42BF2AD9D000C3269 /* spotifyApp.app */ = {isa = PBXFileReference; explicitFileType = wrapper.application; includeInIndex = 0; path = spotifyApp.app; sourceTree = BUILT_PRODUCTS_DIR; };
		10D4B7032BF2AD9F000C3269 /* Base */ = {isa = PBXFileReference; lastKnownFileType = file.storyboard; name = Base; path = Base.lproj/LaunchScreen.storyboard; sourceTree = "<group>"; };
		10D4B7052BF2AD9F000C3269 /* Info.plist */ = {isa = PBXFileReference; lastKnownFileType = text.plist.xml; path = Info.plist; sourceTree = "<group>"; };
		10D4B70B2BF2AE31000C3269 /* HomeViewController.swift */ = {isa = PBXFileReference; fileEncoding = 4; lastKnownFileType = sourcecode.swift; path = HomeViewController.swift; sourceTree = "<group>"; };
		10D4B70C2BF2AE31000C3269 /* LibraryViewController.swift */ = {isa = PBXFileReference; fileEncoding = 4; lastKnownFileType = sourcecode.swift; path = LibraryViewController.swift; sourceTree = "<group>"; };
		10D4B70D2BF2AE31000C3269 /* SearchViewController.swift */ = {isa = PBXFileReference; fileEncoding = 4; lastKnownFileType = sourcecode.swift; path = SearchViewController.swift; sourceTree = "<group>"; };
		10D4B70E2BF2AE31000C3269 /* TabBarViewController.swift */ = {isa = PBXFileReference; fileEncoding = 4; lastKnownFileType = sourcecode.swift; path = TabBarViewController.swift; sourceTree = "<group>"; };
		10D4B7102BF2AE31000C3269 /* AuthViewController.swift */ = {isa = PBXFileReference; fileEncoding = 4; lastKnownFileType = sourcecode.swift; path = AuthViewController.swift; sourceTree = "<group>"; };
		10D4B7112BF2AE31000C3269 /* PlayerViewController.swift */ = {isa = PBXFileReference; fileEncoding = 4; lastKnownFileType = sourcecode.swift; path = PlayerViewController.swift; sourceTree = "<group>"; };
		10D4B7122BF2AE31000C3269 /* PlaylistViewController.swift */ = {isa = PBXFileReference; fileEncoding = 4; lastKnownFileType = sourcecode.swift; path = PlaylistViewController.swift; sourceTree = "<group>"; };
		10D4B7132BF2AE31000C3269 /* ProfileViewController.swift */ = {isa = PBXFileReference; fileEncoding = 4; lastKnownFileType = sourcecode.swift; path = ProfileViewController.swift; sourceTree = "<group>"; };
		10D4B7142BF2AE31000C3269 /* SearchResultViewController.swift */ = {isa = PBXFileReference; fileEncoding = 4; lastKnownFileType = sourcecode.swift; path = SearchResultViewController.swift; sourceTree = "<group>"; };
		10D4B7152BF2AE31000C3269 /* SettingsViewController.swift */ = {isa = PBXFileReference; fileEncoding = 4; lastKnownFileType = sourcecode.swift; path = SettingsViewController.swift; sourceTree = "<group>"; };
		10D4B7162BF2AE31000C3269 /* WelcomeViewController.swift */ = {isa = PBXFileReference; fileEncoding = 4; lastKnownFileType = sourcecode.swift; path = WelcomeViewController.swift; sourceTree = "<group>"; };
		10D4B7242BF2AE40000C3269 /* APICaller.swift */ = {isa = PBXFileReference; fileEncoding = 4; lastKnownFileType = sourcecode.swift; path = APICaller.swift; sourceTree = "<group>"; };
		10D4B7252BF2AE40000C3269 /* AuthManager.swift */ = {isa = PBXFileReference; fileEncoding = 4; lastKnownFileType = sourcecode.swift; path = AuthManager.swift; sourceTree = "<group>"; };
		10D4B7262BF2AE40000C3269 /* HapticsManger.swift */ = {isa = PBXFileReference; fileEncoding = 4; lastKnownFileType = sourcecode.swift; path = HapticsManger.swift; sourceTree = "<group>"; };
		10D4B72B2BF2AE4C000C3269 /* Artist.swift */ = {isa = PBXFileReference; fileEncoding = 4; lastKnownFileType = sourcecode.swift; path = Artist.swift; sourceTree = "<group>"; };
		10D4B72C2BF2AE4C000C3269 /* AudioTrack.swift */ = {isa = PBXFileReference; fileEncoding = 4; lastKnownFileType = sourcecode.swift; path = AudioTrack.swift; sourceTree = "<group>"; };
		10D4B72D2BF2AE4C000C3269 /* AuthResponse.swift */ = {isa = PBXFileReference; fileEncoding = 4; lastKnownFileType = sourcecode.swift; path = AuthResponse.swift; sourceTree = "<group>"; };
		10D4B72E2BF2AE4C000C3269 /* Playlist.swift */ = {isa = PBXFileReference; fileEncoding = 4; lastKnownFileType = sourcecode.swift; path = Playlist.swift; sourceTree = "<group>"; };
		10D4B72F2BF2AE4C000C3269 /* SettingsModels.swift */ = {isa = PBXFileReference; fileEncoding = 4; lastKnownFileType = sourcecode.swift; path = SettingsModels.swift; sourceTree = "<group>"; };
		10D4B7302BF2AE4C000C3269 /* UserProfile.swift */ = {isa = PBXFileReference; fileEncoding = 4; lastKnownFileType = sourcecode.swift; path = UserProfile.swift; sourceTree = "<group>"; };
		10D4B73D2BF2AEAF000C3269 /* AppDelegate.swift */ = {isa = PBXFileReference; fileEncoding = 4; lastKnownFileType = sourcecode.swift; path = AppDelegate.swift; sourceTree = "<group>"; };
		10D4B73E2BF2AEAF000C3269 /* Assets.xcassets */ = {isa = PBXFileReference; lastKnownFileType = folder.assetcatalog; path = Assets.xcassets; sourceTree = "<group>"; };
		10D4B73F2BF2AEAF000C3269 /* Extensions.swift */ = {isa = PBXFileReference; fileEncoding = 4; lastKnownFileType = sourcecode.swift; path = Extensions.swift; sourceTree = "<group>"; };
		10D4B7402BF2AEAF000C3269 /* SceneDelegate.swift */ = {isa = PBXFileReference; fileEncoding = 4; lastKnownFileType = sourcecode.swift; path = SceneDelegate.swift; sourceTree = "<group>"; };
		10E4BF462C443DC9007ABDCC /* FeaturedPlaylistCellViewModel.swift */ = {isa = PBXFileReference; lastKnownFileType = sourcecode.swift; path = FeaturedPlaylistCellViewModel.swift; sourceTree = "<group>"; };
		10E4BF482C443E6E007ABDCC /* RecommendedTrackCellViewModel.swift */ = {isa = PBXFileReference; lastKnownFileType = sourcecode.swift; path = RecommendedTrackCellViewModel.swift; sourceTree = "<group>"; };
		4AF7F39CB9358569869DC235 /* Pods-spotifyApp.release.xcconfig */ = {isa = PBXFileReference; includeInIndex = 1; lastKnownFileType = text.xcconfig; name = "Pods-spotifyApp.release.xcconfig"; path = "Target Support Files/Pods-spotifyApp/Pods-spotifyApp.release.xcconfig"; sourceTree = "<group>"; };
		5231A8E0EBF62D753D4D7EE8 /* Pods_spotifyApp.framework */ = {isa = PBXFileReference; explicitFileType = wrapper.framework; includeInIndex = 0; path = Pods_spotifyApp.framework; sourceTree = BUILT_PRODUCTS_DIR; };
		A55438FC0002EF6DF86FC744 /* Pods-spotifyApp.debug.xcconfig */ = {isa = PBXFileReference; includeInIndex = 1; lastKnownFileType = text.xcconfig; name = "Pods-spotifyApp.debug.xcconfig"; path = "Target Support Files/Pods-spotifyApp/Pods-spotifyApp.debug.xcconfig"; sourceTree = "<group>"; };
/* End PBXFileReference section */

/* Begin PBXFrameworksBuildPhase section */
		10D4B6F12BF2AD9D000C3269 /* Frameworks */ = {
			isa = PBXFrameworksBuildPhase;
			buildActionMask = 2147483647;
			files = (
				0418B82CB2D9C1236BC69872 /* Pods_spotifyApp.framework in Frameworks */,
			);
			runOnlyForDeploymentPostprocessing = 0;
		};
/* End PBXFrameworksBuildPhase section */

/* Begin PBXGroup section */
		109E0ED52C40A04500312FEB /* Browse */ = {
			isa = PBXGroup;
			children = (
				109E0ED62C40A08300312FEB /* NewReleaseCollectionViewCell.swift */,
				109E0ED82C40A0A000312FEB /* FeaturedPlaylistCollectionViewCell.swift */,
				109E0EDA2C40A0B600312FEB /* RecommendedTrackCollectionViewCell.swift */,
			);
			path = Browse;
			sourceTree = "<group>";
		};
		10D4B6EB2BF2AD9D000C3269 = {
			isa = PBXGroup;
			children = (
				10D4B6F62BF2AD9D000C3269 /* spotifyApp */,
				10D4B6F52BF2AD9D000C3269 /* Products */,
				8757750B393337C6B2E8258E /* Pods */,
				8D9A48C769FA1E27DED9E69D /* Frameworks */,
			);
			sourceTree = "<group>";
		};
		10D4B6F52BF2AD9D000C3269 /* Products */ = {
			isa = PBXGroup;
			children = (
				10D4B6F42BF2AD9D000C3269 /* spotifyApp.app */,
			);
			name = Products;
			sourceTree = "<group>";
		};
		10D4B6F62BF2AD9D000C3269 /* spotifyApp */ = {
			isa = PBXGroup;
			children = (
				10D4B7412BF2AEAF000C3269 /* Resources */,
				10D4B7272BF2AE40000C3269 /* Managers */,
				10D4B7382BF2AE81000C3269 /* ViewModels */,
				10D4B7312BF2AE4C000C3269 /* Models */,
				10D4B7182BF2AE31000C3269 /* Controllers */,
				10D4B73B2BF2AE91000C3269 /* Views */,
				10D4B7052BF2AD9F000C3269 /* Info.plist */,
			);
			path = spotifyApp;
			sourceTree = "<group>";
		};
		10D4B70F2BF2AE31000C3269 /* Core */ = {
			isa = PBXGroup;
			children = (
				10D4B70B2BF2AE31000C3269 /* HomeViewController.swift */,
				10D4B70C2BF2AE31000C3269 /* LibraryViewController.swift */,
				10D4B70D2BF2AE31000C3269 /* SearchViewController.swift */,
				10D4B70E2BF2AE31000C3269 /* TabBarViewController.swift */,
			);
			path = Core;
			sourceTree = "<group>";
		};
		10D4B7172BF2AE31000C3269 /* Other */ = {
			isa = PBXGroup;
			children = (
				10D4B7102BF2AE31000C3269 /* AuthViewController.swift */,
				10D4B7112BF2AE31000C3269 /* PlayerViewController.swift */,
				10D4B7122BF2AE31000C3269 /* PlaylistViewController.swift */,
				10D4B7132BF2AE31000C3269 /* ProfileViewController.swift */,
				10D4B7142BF2AE31000C3269 /* SearchResultViewController.swift */,
				10D4B7152BF2AE31000C3269 /* SettingsViewController.swift */,
				10D4B7162BF2AE31000C3269 /* WelcomeViewController.swift */,
			);
			path = Other;
			sourceTree = "<group>";
		};
		10D4B7182BF2AE31000C3269 /* Controllers */ = {
			isa = PBXGroup;
			children = (
				10D4B70F2BF2AE31000C3269 /* Core */,
				10D4B7172BF2AE31000C3269 /* Other */,
			);
			path = Controllers;
			sourceTree = "<group>";
		};
		10D4B7272BF2AE40000C3269 /* Managers */ = {
			isa = PBXGroup;
			children = (
				10D4B7242BF2AE40000C3269 /* APICaller.swift */,
				10D4B7252BF2AE40000C3269 /* AuthManager.swift */,
				10D4B7262BF2AE40000C3269 /* HapticsManger.swift */,
			);
			path = Managers;
			sourceTree = "<group>";
		};
		10D4B7312BF2AE4C000C3269 /* Models */ = {
			isa = PBXGroup;
			children = (
				10D4B72B2BF2AE4C000C3269 /* Artist.swift */,
				10D4B72C2BF2AE4C000C3269 /* AudioTrack.swift */,
				10D4B72D2BF2AE4C000C3269 /* AuthResponse.swift */,
				10D4B72E2BF2AE4C000C3269 /* Playlist.swift */,
				10D4B72F2BF2AE4C000C3269 /* SettingsModels.swift */,
				10D4B7302BF2AE4C000C3269 /* UserProfile.swift */,
				109E0EC92C3DE70200312FEB /* NewReleasesResponse.swift */,
				109E0ECB2C3E2F3700312FEB /* APIImage.swift */,
				109E0ECD2C3F3B1900312FEB /* FeaturedPlaylistsResponse.swift */,
				109E0ED12C3F537900312FEB /* RecommendedGenresResponse.swift */,
				109E0ED32C3F955A00312FEB /* RecommendationsResponse.swift */,
			);
			path = Models;
			sourceTree = "<group>";
		};
		10D4B7382BF2AE81000C3269 /* ViewModels */ = {
			isa = PBXGroup;
			children = (
				109E0EDC2C40A5C600312FEB /* NewReleasesCellViewModel.swift */,
				10E4BF462C443DC9007ABDCC /* FeaturedPlaylistCellViewModel.swift */,
				10E4BF482C443E6E007ABDCC /* RecommendedTrackCellViewModel.swift */,
			);
			path = ViewModels;
			sourceTree = "<group>";
		};
		10D4B73B2BF2AE91000C3269 /* Views */ = {
			isa = PBXGroup;
			children = (
				109E0ED52C40A04500312FEB /* Browse */,
				10D4B7022BF2AD9F000C3269 /* LaunchScreen.storyboard */,
			);
			path = Views;
			sourceTree = "<group>";
		};
		10D4B7412BF2AEAF000C3269 /* Resources */ = {
			isa = PBXGroup;
			children = (
				10D4B73D2BF2AEAF000C3269 /* AppDelegate.swift */,
				10D4B73E2BF2AEAF000C3269 /* Assets.xcassets */,
				10D4B73F2BF2AEAF000C3269 /* Extensions.swift */,
				10D4B7402BF2AEAF000C3269 /* SceneDelegate.swift */,
			);
			path = Resources;
			sourceTree = "<group>";
		};
		8757750B393337C6B2E8258E /* Pods */ = {
			isa = PBXGroup;
			children = (
				A55438FC0002EF6DF86FC744 /* Pods-spotifyApp.debug.xcconfig */,
				4AF7F39CB9358569869DC235 /* Pods-spotifyApp.release.xcconfig */,
			);
			path = Pods;
			sourceTree = "<group>";
		};
		8D9A48C769FA1E27DED9E69D /* Frameworks */ = {
			isa = PBXGroup;
			children = (
				5231A8E0EBF62D753D4D7EE8 /* Pods_spotifyApp.framework */,
			);
			name = Frameworks;
			sourceTree = "<group>";
		};
/* End PBXGroup section */

/* Begin PBXNativeTarget section */
		10D4B6F32BF2AD9D000C3269 /* spotifyApp */ = {
			isa = PBXNativeTarget;
			buildConfigurationList = 10D4B7082BF2AD9F000C3269 /* Build configuration list for PBXNativeTarget "spotifyApp" */;
			buildPhases = (
				A601E03AFB149AFC69AC8972 /* [CP] Check Pods Manifest.lock */,
				10D4B6F02BF2AD9D000C3269 /* Sources */,
				10D4B6F12BF2AD9D000C3269 /* Frameworks */,
				10D4B6F22BF2AD9D000C3269 /* Resources */,
				DED34D81EC2ECF3BF765FF57 /* [CP] Embed Pods Frameworks */,
			);
			buildRules = (
			);
			dependencies = (
			);
			name = spotifyApp;
			productName = spotifyApp;
			productReference = 10D4B6F42BF2AD9D000C3269 /* spotifyApp.app */;
			productType = "com.apple.product-type.application";
		};
/* End PBXNativeTarget section */

/* Begin PBXProject section */
		10D4B6EC2BF2AD9D000C3269 /* Project object */ = {
			isa = PBXProject;
			attributes = {
				BuildIndependentTargetsInParallel = 1;
				LastSwiftUpdateCheck = 1530;
				LastUpgradeCheck = 1530;
				TargetAttributes = {
					10D4B6F32BF2AD9D000C3269 = {
						CreatedOnToolsVersion = 15.3;
					};
				};
			};
			buildConfigurationList = 10D4B6EF2BF2AD9D000C3269 /* Build configuration list for PBXProject "spotifyApp" */;
			compatibilityVersion = "Xcode 14.0";
			developmentRegion = en;
			hasScannedForEncodings = 0;
			knownRegions = (
				en,
				Base,
			);
			mainGroup = 10D4B6EB2BF2AD9D000C3269;
			productRefGroup = 10D4B6F52BF2AD9D000C3269 /* Products */;
			projectDirPath = "";
			projectRoot = "";
			targets = (
				10D4B6F32BF2AD9D000C3269 /* spotifyApp */,
			);
		};
/* End PBXProject section */

/* Begin PBXResourcesBuildPhase section */
		10D4B6F22BF2AD9D000C3269 /* Resources */ = {
			isa = PBXResourcesBuildPhase;
			buildActionMask = 2147483647;
			files = (
				10D4B7042BF2AD9F000C3269 /* Base in Resources */,
				10D4B7432BF2AEAF000C3269 /* Assets.xcassets in Resources */,
			);
			runOnlyForDeploymentPostprocessing = 0;
		};
/* End PBXResourcesBuildPhase section */

/* Begin PBXShellScriptBuildPhase section */
		A601E03AFB149AFC69AC8972 /* [CP] Check Pods Manifest.lock */ = {
			isa = PBXShellScriptBuildPhase;
			buildActionMask = 2147483647;
			files = (
			);
			inputFileListPaths = (
			);
			inputPaths = (
				"${PODS_PODFILE_DIR_PATH}/Podfile.lock",
				"${PODS_ROOT}/Manifest.lock",
			);
			name = "[CP] Check Pods Manifest.lock";
			outputFileListPaths = (
			);
			outputPaths = (
				"$(DERIVED_FILE_DIR)/Pods-spotifyApp-checkManifestLockResult.txt",
			);
			runOnlyForDeploymentPostprocessing = 0;
			shellPath = /bin/sh;
			shellScript = "diff \"${PODS_PODFILE_DIR_PATH}/Podfile.lock\" \"${PODS_ROOT}/Manifest.lock\" > /dev/null\nif [ $? != 0 ] ; then\n    # print error to STDERR\n    echo \"error: The sandbox is not in sync with the Podfile.lock. Run 'pod install' or update your CocoaPods installation.\" >&2\n    exit 1\nfi\n# This output is used by Xcode 'outputs' to avoid re-running this script phase.\necho \"SUCCESS\" > \"${SCRIPT_OUTPUT_FILE_0}\"\n";
			showEnvVarsInLog = 0;
		};
		DED34D81EC2ECF3BF765FF57 /* [CP] Embed Pods Frameworks */ = {
			isa = PBXShellScriptBuildPhase;
			buildActionMask = 2147483647;
			files = (
			);
			inputFileListPaths = (
				"${PODS_ROOT}/Target Support Files/Pods-spotifyApp/Pods-spotifyApp-frameworks-${CONFIGURATION}-input-files.xcfilelist",
			);
			name = "[CP] Embed Pods Frameworks";
			outputFileListPaths = (
				"${PODS_ROOT}/Target Support Files/Pods-spotifyApp/Pods-spotifyApp-frameworks-${CONFIGURATION}-output-files.xcfilelist",
			);
			runOnlyForDeploymentPostprocessing = 0;
			shellPath = /bin/sh;
			shellScript = "\"${PODS_ROOT}/Target Support Files/Pods-spotifyApp/Pods-spotifyApp-frameworks.sh\"\n";
			showEnvVarsInLog = 0;
		};
/* End PBXShellScriptBuildPhase section */

/* Begin PBXSourcesBuildPhase section */
		10D4B6F02BF2AD9D000C3269 /* Sources */ = {
			isa = PBXSourcesBuildPhase;
			buildActionMask = 2147483647;
			files = (
				10D4B7442BF2AEAF000C3269 /* Extensions.swift in Sources */,
				10D4B7422BF2AEAF000C3269 /* AppDelegate.swift in Sources */,
				10D4B71B2BF2AE31000C3269 /* SearchViewController.swift in Sources */,
				109E0EDD2C40A5C600312FEB /* NewReleasesCellViewModel.swift in Sources */,
				10E4BF492C443E6E007ABDCC /* RecommendedTrackCellViewModel.swift in Sources */,
				10D4B7332BF2AE4C000C3269 /* AudioTrack.swift in Sources */,
				10E4BF472C443DC9007ABDCC /* FeaturedPlaylistCellViewModel.swift in Sources */,
				109E0ECC2C3E2F3700312FEB /* APIImage.swift in Sources */,
				10D4B71A2BF2AE31000C3269 /* LibraryViewController.swift in Sources */,
				10D4B72A2BF2AE40000C3269 /* HapticsManger.swift in Sources */,
				10D4B7372BF2AE4C000C3269 /* UserProfile.swift in Sources */,
				109E0EDB2C40A0B600312FEB /* RecommendedTrackCollectionViewCell.swift in Sources */,
				10D4B71D2BF2AE31000C3269 /* AuthViewController.swift in Sources */,
				10D4B71E2BF2AE31000C3269 /* PlayerViewController.swift in Sources */,
				109E0ECA2C3DE70200312FEB /* NewReleasesResponse.swift in Sources */,
				109E0ED42C3F955A00312FEB /* RecommendationsResponse.swift in Sources */,
				10D4B7362BF2AE4C000C3269 /* SettingsModels.swift in Sources */,
				10D4B7202BF2AE31000C3269 /* ProfileViewController.swift in Sources */,
				109E0ED72C40A08300312FEB /* NewReleaseCollectionViewCell.swift in Sources */,
				10D4B71F2BF2AE31000C3269 /* PlaylistViewController.swift in Sources */,
				109E0ED92C40A0A000312FEB /* FeaturedPlaylistCollectionViewCell.swift in Sources */,
				10D4B71C2BF2AE31000C3269 /* TabBarViewController.swift in Sources */,
				10D4B7292BF2AE40000C3269 /* AuthManager.swift in Sources */,
				10D4B7322BF2AE4C000C3269 /* Artist.swift in Sources */,
				10D4B7222BF2AE31000C3269 /* SettingsViewController.swift in Sources */,
				10D4B7212BF2AE31000C3269 /* SearchResultViewController.swift in Sources */,
				10D4B7192BF2AE31000C3269 /* HomeViewController.swift in Sources */,
				10D4B7352BF2AE4C000C3269 /* Playlist.swift in Sources */,
				10D4B7282BF2AE40000C3269 /* APICaller.swift in Sources */,
				10D4B7342BF2AE4C000C3269 /* AuthResponse.swift in Sources */,
				10D4B7232BF2AE31000C3269 /* WelcomeViewController.swift in Sources */,
				109E0ECE2C3F3B1A00312FEB /* FeaturedPlaylistsResponse.swift in Sources */,
				10D4B7452BF2AEAF000C3269 /* SceneDelegate.swift in Sources */,
				109E0ED22C3F537900312FEB /* RecommendedGenresResponse.swift in Sources */,
			);
			runOnlyForDeploymentPostprocessing = 0;
		};
/* End PBXSourcesBuildPhase section */

/* Begin PBXVariantGroup section */
		10D4B7022BF2AD9F000C3269 /* LaunchScreen.storyboard */ = {
			isa = PBXVariantGroup;
			children = (
				10D4B7032BF2AD9F000C3269 /* Base */,
			);
			name = LaunchScreen.storyboard;
			sourceTree = "<group>";
		};
/* End PBXVariantGroup section */

/* Begin XCBuildConfiguration section */
		10D4B7062BF2AD9F000C3269 /* Debug */ = {
			isa = XCBuildConfiguration;
			buildSettings = {
				ALWAYS_SEARCH_USER_PATHS = NO;
				ASSETCATALOG_COMPILER_GENERATE_SWIFT_ASSET_SYMBOL_EXTENSIONS = YES;
				CLANG_ANALYZER_NONNULL = YES;
				CLANG_ANALYZER_NUMBER_OBJECT_CONVERSION = YES_AGGRESSIVE;
				CLANG_CXX_LANGUAGE_STANDARD = "gnu++20";
				CLANG_ENABLE_MODULES = YES;
				CLANG_ENABLE_OBJC_ARC = YES;
				CLANG_ENABLE_OBJC_WEAK = YES;
				CLANG_WARN_BLOCK_CAPTURE_AUTORELEASING = YES;
				CLANG_WARN_BOOL_CONVERSION = YES;
				CLANG_WARN_COMMA = YES;
				CLANG_WARN_CONSTANT_CONVERSION = YES;
				CLANG_WARN_DEPRECATED_OBJC_IMPLEMENTATIONS = YES;
				CLANG_WARN_DIRECT_OBJC_ISA_USAGE = YES_ERROR;
				CLANG_WARN_DOCUMENTATION_COMMENTS = YES;
				CLANG_WARN_EMPTY_BODY = YES;
				CLANG_WARN_ENUM_CONVERSION = YES;
				CLANG_WARN_INFINITE_RECURSION = YES;
				CLANG_WARN_INT_CONVERSION = YES;
				CLANG_WARN_NON_LITERAL_NULL_CONVERSION = YES;
				CLANG_WARN_OBJC_IMPLICIT_RETAIN_SELF = YES;
				CLANG_WARN_OBJC_LITERAL_CONVERSION = YES;
				CLANG_WARN_OBJC_ROOT_CLASS = YES_ERROR;
				CLANG_WARN_QUOTED_INCLUDE_IN_FRAMEWORK_HEADER = YES;
				CLANG_WARN_RANGE_LOOP_ANALYSIS = YES;
				CLANG_WARN_STRICT_PROTOTYPES = YES;
				CLANG_WARN_SUSPICIOUS_MOVE = YES;
				CLANG_WARN_UNGUARDED_AVAILABILITY = YES_AGGRESSIVE;
				CLANG_WARN_UNREACHABLE_CODE = YES;
				CLANG_WARN__DUPLICATE_METHOD_MATCH = YES;
				COPY_PHASE_STRIP = NO;
				DEBUG_INFORMATION_FORMAT = dwarf;
				ENABLE_STRICT_OBJC_MSGSEND = YES;
				ENABLE_TESTABILITY = YES;
				ENABLE_USER_SCRIPT_SANDBOXING = YES;
				GCC_C_LANGUAGE_STANDARD = gnu17;
				GCC_DYNAMIC_NO_PIC = NO;
				GCC_NO_COMMON_BLOCKS = YES;
				GCC_OPTIMIZATION_LEVEL = 0;
				GCC_PREPROCESSOR_DEFINITIONS = (
					"DEBUG=1",
					"$(inherited)",
				);
				GCC_WARN_64_TO_32_BIT_CONVERSION = YES;
				GCC_WARN_ABOUT_RETURN_TYPE = YES_ERROR;
				GCC_WARN_UNDECLARED_SELECTOR = YES;
				GCC_WARN_UNINITIALIZED_AUTOS = YES_AGGRESSIVE;
				GCC_WARN_UNUSED_FUNCTION = YES;
				GCC_WARN_UNUSED_VARIABLE = YES;
				IPHONEOS_DEPLOYMENT_TARGET = 17.4;
				LOCALIZATION_PREFERS_STRING_CATALOGS = YES;
				MTL_ENABLE_DEBUG_INFO = INCLUDE_SOURCE;
				MTL_FAST_MATH = YES;
				ONLY_ACTIVE_ARCH = YES;
				SDKROOT = iphoneos;
				SWIFT_ACTIVE_COMPILATION_CONDITIONS = "DEBUG $(inherited)";
				SWIFT_OPTIMIZATION_LEVEL = "-Onone";
			};
			name = Debug;
		};
		10D4B7072BF2AD9F000C3269 /* Release */ = {
			isa = XCBuildConfiguration;
			buildSettings = {
				ALWAYS_SEARCH_USER_PATHS = NO;
				ASSETCATALOG_COMPILER_GENERATE_SWIFT_ASSET_SYMBOL_EXTENSIONS = YES;
				CLANG_ANALYZER_NONNULL = YES;
				CLANG_ANALYZER_NUMBER_OBJECT_CONVERSION = YES_AGGRESSIVE;
				CLANG_CXX_LANGUAGE_STANDARD = "gnu++20";
				CLANG_ENABLE_MODULES = YES;
				CLANG_ENABLE_OBJC_ARC = YES;
				CLANG_ENABLE_OBJC_WEAK = YES;
				CLANG_WARN_BLOCK_CAPTURE_AUTORELEASING = YES;
				CLANG_WARN_BOOL_CONVERSION = YES;
				CLANG_WARN_COMMA = YES;
				CLANG_WARN_CONSTANT_CONVERSION = YES;
				CLANG_WARN_DEPRECATED_OBJC_IMPLEMENTATIONS = YES;
				CLANG_WARN_DIRECT_OBJC_ISA_USAGE = YES_ERROR;
				CLANG_WARN_DOCUMENTATION_COMMENTS = YES;
				CLANG_WARN_EMPTY_BODY = YES;
				CLANG_WARN_ENUM_CONVERSION = YES;
				CLANG_WARN_INFINITE_RECURSION = YES;
				CLANG_WARN_INT_CONVERSION = YES;
				CLANG_WARN_NON_LITERAL_NULL_CONVERSION = YES;
				CLANG_WARN_OBJC_IMPLICIT_RETAIN_SELF = YES;
				CLANG_WARN_OBJC_LITERAL_CONVERSION = YES;
				CLANG_WARN_OBJC_ROOT_CLASS = YES_ERROR;
				CLANG_WARN_QUOTED_INCLUDE_IN_FRAMEWORK_HEADER = YES;
				CLANG_WARN_RANGE_LOOP_ANALYSIS = YES;
				CLANG_WARN_STRICT_PROTOTYPES = YES;
				CLANG_WARN_SUSPICIOUS_MOVE = YES;
				CLANG_WARN_UNGUARDED_AVAILABILITY = YES_AGGRESSIVE;
				CLANG_WARN_UNREACHABLE_CODE = YES;
				CLANG_WARN__DUPLICATE_METHOD_MATCH = YES;
				COPY_PHASE_STRIP = NO;
				DEBUG_INFORMATION_FORMAT = "dwarf-with-dsym";
				ENABLE_NS_ASSERTIONS = NO;
				ENABLE_STRICT_OBJC_MSGSEND = YES;
				ENABLE_USER_SCRIPT_SANDBOXING = YES;
				GCC_C_LANGUAGE_STANDARD = gnu17;
				GCC_NO_COMMON_BLOCKS = YES;
				GCC_WARN_64_TO_32_BIT_CONVERSION = YES;
				GCC_WARN_ABOUT_RETURN_TYPE = YES_ERROR;
				GCC_WARN_UNDECLARED_SELECTOR = YES;
				GCC_WARN_UNINITIALIZED_AUTOS = YES_AGGRESSIVE;
				GCC_WARN_UNUSED_FUNCTION = YES;
				GCC_WARN_UNUSED_VARIABLE = YES;
				IPHONEOS_DEPLOYMENT_TARGET = 17.4;
				LOCALIZATION_PREFERS_STRING_CATALOGS = YES;
				MTL_ENABLE_DEBUG_INFO = NO;
				MTL_FAST_MATH = YES;
				SDKROOT = iphoneos;
				SWIFT_COMPILATION_MODE = wholemodule;
				VALIDATE_PRODUCT = YES;
			};
			name = Release;
		};
		10D4B7092BF2AD9F000C3269 /* Debug */ = {
			isa = XCBuildConfiguration;
			baseConfigurationReference = A55438FC0002EF6DF86FC744 /* Pods-spotifyApp.debug.xcconfig */;
			buildSettings = {
				ASSETCATALOG_COMPILER_APPICON_NAME = AppIcon;
				ASSETCATALOG_COMPILER_GLOBAL_ACCENT_COLOR_NAME = AccentColor;
				CODE_SIGN_STYLE = Automatic;
				CURRENT_PROJECT_VERSION = 1;
				DEVELOPMENT_TEAM = F5B36CQ9BQ;
				ENABLE_USER_SCRIPT_SANDBOXING = NO;
				GENERATE_INFOPLIST_FILE = YES;
				INFOPLIST_FILE = spotifyApp/Info.plist;
				INFOPLIST_KEY_UIApplicationSupportsIndirectInputEvents = YES;
				INFOPLIST_KEY_UILaunchStoryboardName = LaunchScreen;
				INFOPLIST_KEY_UISupportedInterfaceOrientations_iPad = "UIInterfaceOrientationPortrait UIInterfaceOrientationPortraitUpsideDown UIInterfaceOrientationLandscapeLeft UIInterfaceOrientationLandscapeRight";
				INFOPLIST_KEY_UISupportedInterfaceOrientations_iPhone = "UIInterfaceOrientationPortrait UIInterfaceOrientationLandscapeLeft UIInterfaceOrientationLandscapeRight";
				LD_RUNPATH_SEARCH_PATHS = (
					"$(inherited)",
					"@executable_path/Frameworks",
				);
				MARKETING_VERSION = 1.0;
				PRODUCT_BUNDLE_IDENTIFIER = myOrg.spotifyApp;
				PRODUCT_NAME = "$(TARGET_NAME)";
				SWIFT_EMIT_LOC_STRINGS = YES;
				SWIFT_VERSION = 5.0;
				TARGETED_DEVICE_FAMILY = "1,2";
			};
			name = Debug;
		};
		10D4B70A2BF2AD9F000C3269 /* Release */ = {
			isa = XCBuildConfiguration;
			baseConfigurationReference = 4AF7F39CB9358569869DC235 /* Pods-spotifyApp.release.xcconfig */;
			buildSettings = {
				ASSETCATALOG_COMPILER_APPICON_NAME = AppIcon;
				ASSETCATALOG_COMPILER_GLOBAL_ACCENT_COLOR_NAME = AccentColor;
				CODE_SIGN_STYLE = Automatic;
				CURRENT_PROJECT_VERSION = 1;
				DEVELOPMENT_TEAM = F5B36CQ9BQ;
				ENABLE_USER_SCRIPT_SANDBOXING = NO;
				GENERATE_INFOPLIST_FILE = YES;
				INFOPLIST_FILE = spotifyApp/Info.plist;
				INFOPLIST_KEY_UIApplicationSupportsIndirectInputEvents = YES;
				INFOPLIST_KEY_UILaunchStoryboardName = LaunchScreen;
				INFOPLIST_KEY_UISupportedInterfaceOrientations_iPad = "UIInterfaceOrientationPortrait UIInterfaceOrientationPortraitUpsideDown UIInterfaceOrientationLandscapeLeft UIInterfaceOrientationLandscapeRight";
				INFOPLIST_KEY_UISupportedInterfaceOrientations_iPhone = "UIInterfaceOrientationPortrait UIInterfaceOrientationLandscapeLeft UIInterfaceOrientationLandscapeRight";
				LD_RUNPATH_SEARCH_PATHS = (
					"$(inherited)",
					"@executable_path/Frameworks",
				);
				MARKETING_VERSION = 1.0;
				PRODUCT_BUNDLE_IDENTIFIER = myOrg.spotifyApp;
				PRODUCT_NAME = "$(TARGET_NAME)";
				SWIFT_EMIT_LOC_STRINGS = YES;
				SWIFT_VERSION = 5.0;
				TARGETED_DEVICE_FAMILY = "1,2";
			};
			name = Release;
		};
/* End XCBuildConfiguration section */

/* Begin XCConfigurationList section */
		10D4B6EF2BF2AD9D000C3269 /* Build configuration list for PBXProject "spotifyApp" */ = {
			isa = XCConfigurationList;
			buildConfigurations = (
				10D4B7062BF2AD9F000C3269 /* Debug */,
				10D4B7072BF2AD9F000C3269 /* Release */,
			);
			defaultConfigurationIsVisible = 0;
			defaultConfigurationName = Release;
		};
		10D4B7082BF2AD9F000C3269 /* Build configuration list for PBXNativeTarget "spotifyApp" */ = {
			isa = XCConfigurationList;
			buildConfigurations = (
				10D4B7092BF2AD9F000C3269 /* Debug */,
				10D4B70A2BF2AD9F000C3269 /* Release */,
			);
			defaultConfigurationIsVisible = 0;
			defaultConfigurationName = Release;
		};
/* End XCConfigurationList section */
	};
	rootObject = 10D4B6EC2BF2AD9D000C3269 /* Project object */;
}
